
Microsoft Visual Studio Solution File, Format Version 12.00
# Visual Studio 15
VisualStudioVersion = 15.0.28307.329
MinimumVisualStudioVersion = 10.0.40219.1
Project("{FAE04EC0-301F-11D3-BF4B-00C04F79EFBC}") = "rpc-svr", "rpc-svr\rpc-svr.csproj", "{CC22D564-7BED-4DAB-ADE6-BA568AE1F822}"
EndProject
Global
	GlobalSection(SolutionConfigurationPlatforms) = preSolution
		Debug|Any CPU = Debug|Any CPU
		DebugTest|Any CPU = DebugTest|Any CPU
		Release|Any CPU = Release|Any CPU
	EndGlobalSection
	GlobalSection(ProjectConfigurationPlatforms) = postSolution
		{CC22D564-7BED-4DAB-ADE6-BA568AE1F822}.Debug|Any CPU.ActiveCfg = Debug|Any CPU
		{CC22D564-7BED-4DAB-ADE6-BA568AE1F822}.Debug|Any CPU.Build.0 = Debug|Any CPU
		{CC22D564-7BED-4DAB-ADE6-BA568AE1F822}.DebugTest|Any CPU.ActiveCfg = DebugTest|Any CPU
		{CC22D564-7BED-4DAB-ADE6-BA568AE1F822}.DebugTest|Any CPU.Build.0 = DebugTest|Any CPU
		{CC22D564-7BED-4DAB-ADE6-BA568AE1F822}.Release|Any CPU.ActiveCfg = Release|Any CPU
		{CC22D564-7BED-4DAB-ADE6-BA568AE1F822}.Release|Any CPU.Build.0 = Release|Any CPU
	EndGlobalSection
	GlobalSection(SolutionProperties) = preSolution
		HideSolutionNode = FALSE
	EndGlobalSection
	GlobalSection(ExtensibilityGlobals) = postSolution
		SolutionGuid = {FBFEDB3B-F388-4429-AD20-8CE5009B162E}
	EndGlobalSection
EndGlobal
